<?xml version="1.0" encoding="utf-8"?>
<Project ToolsVersion="4.0" xmlns="http://schemas.microsoft.com/developer/msbuild/2003">
  <ItemGroup>
    <Filter Include="Source Files">
      <UniqueIdentifier>{4FC737F1-C7A5-4376-A066-2A32D752A2FF}</UniqueIdentifier>
      <Extensions>cpp;c;cc;cxx;def;odl;idl;hpj;bat;asm;asmx</Extensions>
    </Filter>
    <Filter Include="Header Files">
      <UniqueIdentifier>{93995380-89BD-4b04-88EB-625FBE52EBFB}</UniqueIdentifier>
      <Extensions>h;hh;hpp;hxx;hm;inl;inc;ipp;xsd</Extensions>
    </Filter>
    <Filter Include="Resource Files">
      <UniqueIdentifier>{67DA6AB6-F800-4c08-8B7A-83BB121AAD01}</UniqueIdentifier>
      <Extensions>rc;ico;cur;bmp;dlg;rc2;rct;bin;rgs;gif;jpg;jpeg;jpe;resx;tiff;tif;png;wav;mfcribbon-ms</Extensions>
    </Filter>
    <Filter Include="Header Files\Frontend">
      <UniqueIdentifier>{e59c1df0-e920-4517-9fd3-e3c453782362}</UniqueIdentifier>
    </Filter>
    <Filter Include="Header Files\Game">
      <UniqueIdentifier>{4bade8f6-a780-4dab-a6af-0be9525eb874}</UniqueIdentifier>
    </Filter>
    <Filter Include="Source Files\Game">
      <UniqueIdentifier>{72a71357-87ea-42c0-8aee-01c50c9cb434}</UniqueIdentifier>
    </Filter>
  </ItemGroup>
  <ItemGroup>
    <ClCompile Include="Camera.cpp">
      <Filter>Source Files</Filter>
    </ClCompile>
    <ClCompile Include="GameManager.cpp">
      <Filter>Source Files</Filter>
    </ClCompile>
    <ClCompile Include="KeyManager.cpp">
      <Filter>Source Files</Filter>
    </ClCompile>
    <ClCompile Include="main.cpp">
      <Filter>Source Files</Filter>
    </ClCompile>
    <ClCompile Include="RenderEngine.cpp">
      <Filter>Source Files</Filter>
    </ClCompile>
    <ClCompile Include="RenderEngineGPU.cpp">
      <Filter>Source Files</Filter>
    </ClCompile>
    <ClCompile Include="Shader.cpp">
      <Filter>Source Files</Filter>
    </ClCompile>
    <ClCompile Include="ShaderProgram.cpp">
      <Filter>Source Files</Filter>
    </ClCompile>
    <ClCompile Include="Chunk.cpp">
      <Filter>Source Files\Game</Filter>
    </ClCompile>
    <ClCompile Include="Entity.cpp">
      <Filter>Source Files\Game</Filter>
    </ClCompile>
    <ClCompile Include="World.cpp">
      <Filter>Source Files\Game</Filter>
    </ClCompile>
  </ItemGroup>
  <ItemGroup>
    <ClInclude Include="Camera.h">
      <Filter>Header Files\Frontend</Filter>
    </ClInclude>
    <ClInclude Include="GameManager.h">
      <Filter>Header Files\Frontend</Filter>
    </ClInclude>
    <ClInclude Include="KeyManager.h">
      <Filter>Header Files\Frontend</Filter>
    </ClInclude>
    <ClInclude Include="RenderEngine.h">
      <Filter>Header Files\Frontend</Filter>
    </ClInclude>
    <ClInclude Include="RenderEngineGPU.h">
      <Filter>Header Files\Frontend</Filter>
    </ClInclude>
    <ClInclude Include="Shader.h">
      <Filter>Header Files\Frontend</Filter>
    </ClInclude>
    <ClInclude Include="ShaderProgram.h">
      <Filter>Header Files\Frontend</Filter>
    </ClInclude>
    <ClInclude Include="SwapList.h">
      <Filter>Header Files\Frontend</Filter>
    </ClInclude>
    <ClInclude Include="World.h">
      <Filter>Header Files\Game</Filter>
    </ClInclude>
    <ClInclude Include="Chunk.h">
      <Filter>Header Files\Game</Filter>
    </ClInclude>
    <ClInclude Include="Entity.h">
      <Filter>Header Files\Game</Filter>
    </ClInclude>
  </ItemGroup>
</Project>