<?xml version="1.0" encoding="utf-8"?>
<Project ToolsVersion="4.0" xmlns="http://schemas.microsoft.com/developer/msbuild/2003">
  <ItemGroup>
    <Filter Include="Source Files">
      <UniqueIdentifier>{4FC737F1-C7A5-4376-A066-2A32D752A2FF}</UniqueIdentifier>
      <Extensions>cpp;c;cc;cxx;def;odl;idl;hpj;bat;asm;asmx</Extensions>
    </Filter>
    <Filter Include="Header Files">
      <UniqueIdentifier>{93995380-89BD-4b04-88EB-625FBE52EBFB}</UniqueIdentifier>
      <Extensions>h;hh;hpp;hxx;hm;inl;inc;ipp;xsd</Extensions>
    </Filter>
    <Filter Include="Resource Files">
      <UniqueIdentifier>{67DA6AB6-F800-4c08-8B7A-83BB121AAD01}</UniqueIdentifier>
      <Extensions>rc;ico;cur;bmp;dlg;rc2;rct;bin;rgs;gif;jpg;jpeg;jpe;resx;tiff;tif;png;wav;mfcribbon-ms</Extensions>
    </Filter>
    <Filter Include="Header Files\Frontend">
      <UniqueIdentifier>{e59c1df0-e920-4517-9fd3-e3c453782362}</UniqueIdentifier>
    </Filter>
    <Filter Include="Header Files\Game">
      <UniqueIdentifier>{4bade8f6-a780-4dab-a6af-0be9525eb874}</UniqueIdentifier>
    </Filter>
    <Filter Include="Source Files\Game">
      <UniqueIdentifier>{72a71357-87ea-42c0-8aee-01c50c9cb434}</UniqueIdentifier>
    </Filter>
    <Filter Include="Source Files\Frontend">
      <UniqueIdentifier>{a54abf6d-e380-4801-bba5-a18d7ff31b07}</UniqueIdentifier>
    </Filter>
    <Filter Include="Shaders">
      <UniqueIdentifier>{e7c37cdf-0ce9-4e47-9c14-d23d38e1ff23}</UniqueIdentifier>
    </Filter>
    <Filter Include="Header Files\Game\Behavior">
      <UniqueIdentifier>{87480777-6b99-49c1-a396-2658c20e1d74}</UniqueIdentifier>
    </Filter>
    <Filter Include="Source Files\Game\Behaviour">
      <UniqueIdentifier>{f9f2ccc8-5e83-48f7-b74c-3505903ca498}</UniqueIdentifier>
    </Filter>
  </ItemGroup>
  <ItemGroup>
    <ClCompile Include="GameManager.cpp">
      <Filter>Source Files</Filter>
    </ClCompile>
    <ClCompile Include="main.cpp">
      <Filter>Source Files</Filter>
    </ClCompile>
    <ClCompile Include="Chunk.cpp">
      <Filter>Source Files\Game</Filter>
    </ClCompile>
    <ClCompile Include="Entity.cpp">
      <Filter>Source Files\Game</Filter>
    </ClCompile>
    <ClCompile Include="World.cpp">
      <Filter>Source Files\Game</Filter>
    </ClCompile>
    <ClCompile Include="Camera.cpp">
      <Filter>Source Files\Frontend</Filter>
    </ClCompile>
    <ClCompile Include="KeyManager.cpp">
      <Filter>Source Files\Frontend</Filter>
    </ClCompile>
    <ClCompile Include="RenderEngine.cpp">
      <Filter>Source Files\Frontend</Filter>
    </ClCompile>
    <ClCompile Include="RenderEngineGPU.cpp">
      <Filter>Source Files\Frontend</Filter>
    </ClCompile>
    <ClCompile Include="Shader.cpp">
      <Filter>Source Files\Frontend</Filter>
    </ClCompile>
    <ClCompile Include="ShaderProgram.cpp">
      <Filter>Source Files\Frontend</Filter>
    </ClCompile>
    <ClCompile Include="PheremoneGrid.cpp">
      <Filter>Source Files\Game</Filter>
    </ClCompile>
    <ClCompile Include="Behaviour.cpp">
      <Filter>Source Files\Game\Behaviour</Filter>
    </ClCompile>
    <ClCompile Include="AntColonyController.cpp">
      <Filter>Source Files\Game</Filter>
    </ClCompile>
    <ClCompile Include="CollisionHash.cpp">
      <Filter>Source Files\Frontend</Filter>
    </ClCompile>
  </ItemGroup>
  <ItemGroup>
    <ClInclude Include="Camera.h">
      <Filter>Header Files\Frontend</Filter>
    </ClInclude>
    <ClInclude Include="GameManager.h">
      <Filter>Header Files\Frontend</Filter>
    </ClInclude>
    <ClInclude Include="KeyManager.h">
      <Filter>Header Files\Frontend</Filter>
    </ClInclude>
    <ClInclude Include="RenderEngine.h">
      <Filter>Header Files\Frontend</Filter>
    </ClInclude>
    <ClInclude Include="RenderEngineGPU.h">
      <Filter>Header Files\Frontend</Filter>
    </ClInclude>
    <ClInclude Include="Shader.h">
      <Filter>Header Files\Frontend</Filter>
    </ClInclude>
    <ClInclude Include="ShaderProgram.h">
      <Filter>Header Files\Frontend</Filter>
    </ClInclude>
    <ClInclude Include="World.h">
      <Filter>Header Files\Game</Filter>
    </ClInclude>
    <ClInclude Include="Chunk.h">
      <Filter>Header Files\Game</Filter>
    </ClInclude>
    <ClInclude Include="Entity.h">
      <Filter>Header Files\Game</Filter>
    </ClInclude>
    <ClInclude Include="ChunkMap.h">
      <Filter>Header Files\Game</Filter>
    </ClInclude>
    <ClInclude Include="CollisionHash.h">
      <Filter>Header Files\Game</Filter>
    </ClInclude>
    <ClInclude Include="PheremoneGrid.h">
      <Filter>Header Files\Game</Filter>
    </ClInclude>
    <ClInclude Include="BehaviorAnt.h">
      <Filter>Header Files\Game\Behavior</Filter>
    </ClInclude>
    <ClInclude Include="BehaviorRandomWalk.h">
      <Filter>Header Files\Game\Behavior</Filter>
    </ClInclude>
    <ClInclude Include="BehaviorFollowPheremone.h">
      <Filter>Header Files\Game\Behavior</Filter>
    </ClInclude>
    <ClInclude Include="BehaviorPheremonePlace.h">
      <Filter>Header Files\Game\Behavior</Filter>
    </ClInclude>
    <ClInclude Include="BehaviorPrey.h">
      <Filter>Header Files\Game\Behavior</Filter>
    </ClInclude>
    <ClInclude Include="BehaviorPredator.h">
      <Filter>Header Files\Game\Behavior</Filter>
    </ClInclude>
    <ClInclude Include="BehaviorAntNest.h">
      <Filter>Header Files\Game\Behavior</Filter>
    </ClInclude>
    <ClInclude Include="AntColonyController.h">
      <Filter>Header Files\Game</Filter>
    </ClInclude>
    <ClInclude Include="Behaviour.h">
      <Filter>Header Files\Game\Behavior</Filter>
    </ClInclude>
    <ClInclude Include="SwapListOld.h">
      <Filter>Header Files\Frontend</Filter>
    </ClInclude>
    <ClInclude Include="..\AntSim\SwapList.h">
      <Filter>Header Files\Frontend</Filter>
    </ClInclude>
    <ClInclude Include="SwapList.h">
      <Filter>Header Files\Frontend</Filter>
    </ClInclude>
    <ClInclude Include="BehaviorPheremoneHillClimb.h">
      <Filter>Header Files\Game\Behavior</Filter>
    </ClInclude>
  </ItemGroup>
  <ItemGroup>
    <None Include="raytrace.comp">
      <Filter>Shaders</Filter>
    </None>
    <None Include="render_entity.vert">
      <Filter>Shaders</Filter>
    </None>
    <None Include="render_entity.frag">
      <Filter>Shaders</Filter>
    </None>
    <None Include="render_quad.vert">
      <Filter>Shaders</Filter>
    </None>
    <None Include="render_quad.frag">
      <Filter>Shaders</Filter>
    </None>
  </ItemGroup>
</Project>